
Microsoft Visual Studio Solution File, Format Version 12.00
# Visual Studio Version 17
VisualStudioVersion = 17.9.34723.18
MinimumVisualStudioVersion = 10.0.40219.1
Project("{FAE04EC0-301F-11D3-BF4B-00C04F79EFBC}") = "Cars", "Cars.csproj", "{ED563472-6D54-4F82-9FEB-0E3F378D5B8F}"
EndProject
Global
	GlobalSection(SolutionConfigurationPlatforms) = preSolution
		Debug|Any CPU = Debug|Any CPU
		Release|Any CPU = Release|Any CPU
	EndGlobalSection
	GlobalSection(ProjectConfigurationPlatforms) = postSolution
		{ED563472-6D54-4F82-9FEB-0E3F378D5B8F}.Debug|Any CPU.ActiveCfg = Debug|Any CPU
		{ED563472-6D54-4F82-9FEB-0E3F378D5B8F}.Debug|Any CPU.Build.0 = Debug|Any CPU
		{ED563472-6D54-4F82-9FEB-0E3F378D5B8F}.Release|Any CPU.ActiveCfg = Release|Any CPU
		{ED563472-6D54-4F82-9FEB-0E3F378D5B8F}.Release|Any CPU.Build.0 = Release|Any CPU
	EndGlobalSection
	GlobalSection(SolutionProperties) = preSolution
		HideSolutionNode = FALSE
	EndGlobalSection
	GlobalSection(ExtensibilityGlobals) = postSolution
		SolutionGuid = {0E7555B7-F653-4365-949A-C218D93E9454}
	EndGlobalSection
EndGlobal
